
Microsoft Visual Studio Solution File, Format Version 12.00
# Visual Studio 2013
VisualStudioVersion = 12.0.21005.1
MinimumVisualStudioVersion = 10.0.40219.1
Project("{FAE04EC0-301F-11D3-BF4B-00C04F79EFBC}") = "JustCreativePublishings.Web", "JustCreativePublishings.Web\JustCreativePublishings.Web.csproj", "{6E82CC26-E49A-4F3F-81E1-3FF207EE9577}"
EndProject
Project("{FAE04EC0-301F-11D3-BF4B-00C04F79EFBC}") = "JustCreativePublishings.Domain", "JustCreativePublishings.Domain\JustCreativePublishings.Domain.csproj", "{F4B03DBB-5A98-4568-9E81-B5CFE8CEE17E}"
EndProject
Project("{FAE04EC0-301F-11D3-BF4B-00C04F79EFBC}") = "JustCreativePublishings.Domain.Entities", "JustCreativePublishings.Domain.Entities\JustCreativePublishings.Domain.Entities.csproj", "{E50BD13A-1C9E-422A-9F2A-B9929FA1B756}"
EndProject
Project("{FAE04EC0-301F-11D3-BF4B-00C04F79EFBC}") = "JustCreativePublishings.Domain.Repositories", "JustCreativePublishings.Domain.Repositories\JustCreativePublishings.Domain.Repositories.csproj", "{ED332F5A-8630-42DB-B62B-4B5E8D167855}"
EndProject
Project("{FAE04EC0-301F-11D3-BF4B-00C04F79EFBC}") = "JustCreativePublishings.Interfaces", "JustCreativePublishings.Domain.Interfaces\JustCreativePublishings.Interfaces.csproj", "{476E3904-A348-4A10-9C4B-0BA5C831E458}"
EndProject
Project("{FAE04EC0-301F-11D3-BF4B-00C04F79EFBC}") = "JustCreativePublishings.Infrastructure", "JustCreativePublishings.Infrastructure\JustCreativePublishings.Infrastructure.csproj", "{D400ABE0-7161-436A-A31F-743B2E27EB18}"
EndProject
Project("{FAE04EC0-301F-11D3-BF4B-00C04F79EFBC}") = "JustCreativePublishings.UoW", "JustCreativePublishings.UoW\JustCreativePublishings.UoW.csproj", "{3B584F95-D122-43FE-B538-82D4AA9392C7}"
EndProject
Project("{FAE04EC0-301F-11D3-BF4B-00C04F79EFBC}") = "JustCreativePublishings.Services", "JustCreativePublishings.Services\JustCreativePublishings.Services.csproj", "{8DE81801-3C6A-486A-9EAA-A5F01C90CE66}"
EndProject
Project("{FAE04EC0-301F-11D3-BF4B-00C04F79EFBC}") = "JustCreativePublishings.WebForms", "JustCreativePublishings.WebForms\JustCreativePublishings.WebForms.csproj", "{0E2FB556-5EDC-4B22-B0CE-77E48C20AA91}"
EndProject
Project("{FAE04EC0-301F-11D3-BF4B-00C04F79EFBC}") = "JustCreativePublishings.ApiClient", "JustCreativePublishings.ApiClient\JustCreativePublishings.ApiClient.csproj", "{CD01A979-CFD3-40A5-962A-C6AFF4A6D9DD}"
EndProject
Global
	GlobalSection(SolutionConfigurationPlatforms) = preSolution
		Debug|Any CPU = Debug|Any CPU
		Release|Any CPU = Release|Any CPU
	EndGlobalSection
	GlobalSection(ProjectConfigurationPlatforms) = postSolution
		{6E82CC26-E49A-4F3F-81E1-3FF207EE9577}.Debug|Any CPU.ActiveCfg = Debug|Any CPU
		{6E82CC26-E49A-4F3F-81E1-3FF207EE9577}.Debug|Any CPU.Build.0 = Debug|Any CPU
		{6E82CC26-E49A-4F3F-81E1-3FF207EE9577}.Release|Any CPU.ActiveCfg = Release|Any CPU
		{6E82CC26-E49A-4F3F-81E1-3FF207EE9577}.Release|Any CPU.Build.0 = Release|Any CPU
		{F4B03DBB-5A98-4568-9E81-B5CFE8CEE17E}.Debug|Any CPU.ActiveCfg = Debug|Any CPU
		{F4B03DBB-5A98-4568-9E81-B5CFE8CEE17E}.Debug|Any CPU.Build.0 = Debug|Any CPU
		{F4B03DBB-5A98-4568-9E81-B5CFE8CEE17E}.Release|Any CPU.ActiveCfg = Release|Any CPU
		{F4B03DBB-5A98-4568-9E81-B5CFE8CEE17E}.Release|Any CPU.Build.0 = Release|Any CPU
		{E50BD13A-1C9E-422A-9F2A-B9929FA1B756}.Debug|Any CPU.ActiveCfg = Debug|Any CPU
		{E50BD13A-1C9E-422A-9F2A-B9929FA1B756}.Debug|Any CPU.Build.0 = Debug|Any CPU
		{E50BD13A-1C9E-422A-9F2A-B9929FA1B756}.Release|Any CPU.ActiveCfg = Release|Any CPU
		{E50BD13A-1C9E-422A-9F2A-B9929FA1B756}.Release|Any CPU.Build.0 = Release|Any CPU
		{ED332F5A-8630-42DB-B62B-4B5E8D167855}.Debug|Any CPU.ActiveCfg = Debug|Any CPU
		{ED332F5A-8630-42DB-B62B-4B5E8D167855}.Debug|Any CPU.Build.0 = Debug|Any CPU
		{ED332F5A-8630-42DB-B62B-4B5E8D167855}.Release|Any CPU.ActiveCfg = Release|Any CPU
		{ED332F5A-8630-42DB-B62B-4B5E8D167855}.Release|Any CPU.Build.0 = Release|Any CPU
		{476E3904-A348-4A10-9C4B-0BA5C831E458}.Debug|Any CPU.ActiveCfg = Debug|Any CPU
		{476E3904-A348-4A10-9C4B-0BA5C831E458}.Debug|Any CPU.Build.0 = Debug|Any CPU
		{476E3904-A348-4A10-9C4B-0BA5C831E458}.Release|Any CPU.ActiveCfg = Release|Any CPU
		{476E3904-A348-4A10-9C4B-0BA5C831E458}.Release|Any CPU.Build.0 = Release|Any CPU
		{D400ABE0-7161-436A-A31F-743B2E27EB18}.Debug|Any CPU.ActiveCfg = Debug|Any CPU
		{D400ABE0-7161-436A-A31F-743B2E27EB18}.Debug|Any CPU.Build.0 = Debug|Any CPU
		{D400ABE0-7161-436A-A31F-743B2E27EB18}.Release|Any CPU.ActiveCfg = Release|Any CPU
		{D400ABE0-7161-436A-A31F-743B2E27EB18}.Release|Any CPU.Build.0 = Release|Any CPU
		{3B584F95-D122-43FE-B538-82D4AA9392C7}.Debug|Any CPU.ActiveCfg = Debug|Any CPU
		{3B584F95-D122-43FE-B538-82D4AA9392C7}.Debug|Any CPU.Build.0 = Debug|Any CPU
		{3B584F95-D122-43FE-B538-82D4AA9392C7}.Release|Any CPU.ActiveCfg = Release|Any CPU
		{3B584F95-D122-43FE-B538-82D4AA9392C7}.Release|Any CPU.Build.0 = Release|Any CPU
		{8DE81801-3C6A-486A-9EAA-A5F01C90CE66}.Debug|Any CPU.ActiveCfg = Debug|Any CPU
		{8DE81801-3C6A-486A-9EAA-A5F01C90CE66}.Debug|Any CPU.Build.0 = Debug|Any CPU
		{8DE81801-3C6A-486A-9EAA-A5F01C90CE66}.Release|Any CPU.ActiveCfg = Release|Any CPU
		{8DE81801-3C6A-486A-9EAA-A5F01C90CE66}.Release|Any CPU.Build.0 = Release|Any CPU
		{0E2FB556-5EDC-4B22-B0CE-77E48C20AA91}.Debug|Any CPU.ActiveCfg = Debug|Any CPU
		{0E2FB556-5EDC-4B22-B0CE-77E48C20AA91}.Debug|Any CPU.Build.0 = Debug|Any CPU
		{0E2FB556-5EDC-4B22-B0CE-77E48C20AA91}.Release|Any CPU.ActiveCfg = Release|Any CPU
		{0E2FB556-5EDC-4B22-B0CE-77E48C20AA91}.Release|Any CPU.Build.0 = Release|Any CPU
		{CD01A979-CFD3-40A5-962A-C6AFF4A6D9DD}.Debug|Any CPU.ActiveCfg = Debug|Any CPU
		{CD01A979-CFD3-40A5-962A-C6AFF4A6D9DD}.Debug|Any CPU.Build.0 = Debug|Any CPU
		{CD01A979-CFD3-40A5-962A-C6AFF4A6D9DD}.Release|Any CPU.ActiveCfg = Release|Any CPU
		{CD01A979-CFD3-40A5-962A-C6AFF4A6D9DD}.Release|Any CPU.Build.0 = Release|Any CPU
	EndGlobalSection
	GlobalSection(SolutionProperties) = preSolution
		HideSolutionNode = FALSE
	EndGlobalSection
	GlobalSection(ExtensibilityGlobals) = postSolution
		EnterpriseLibraryConfigurationToolBinariesPath = packages\Unity.2.1.505.2\lib\NET35
	EndGlobalSection
EndGlobal
